
Microsoft Visual Studio Solution File, Format Version 12.00
# Visual Studio Version 16
VisualStudioVersion = 16.0.29613.14
MinimumVisualStudioVersion = 10.0.40219.1
Project("{FAE04EC0-301F-11D3-BF4B-00C04F79EFBC}") = "HelloWorld", "HelloWorld\HelloWorld.csproj", "{1128351F-73CB-4A12-9175-F818322C10E8}"
EndProject
Global
	GlobalSection(SolutionConfigurationPlatforms) = preSolution
		Debug|Any CPU = Debug|Any CPU
		Release|Any CPU = Release|Any CPU
	EndGlobalSection
	GlobalSection(ProjectConfigurationPlatforms) = postSolution
		{1128351F-73CB-4A12-9175-F818322C10E8}.Debug|Any CPU.ActiveCfg = Debug|Any CPU
		{1128351F-73CB-4A12-9175-F818322C10E8}.Debug|Any CPU.Build.0 = Debug|Any CPU
		{1128351F-73CB-4A12-9175-F818322C10E8}.Release|Any CPU.ActiveCfg = Release|Any CPU
		{1128351F-73CB-4A12-9175-F818322C10E8}.Release|Any CPU.Build.0 = Release|Any CPU
	EndGlobalSection
	GlobalSection(SolutionProperties) = preSolution
		HideSolutionNode = FALSE
	EndGlobalSection
	GlobalSection(ExtensibilityGlobals) = postSolution
		SolutionGuid = {251769DE-0C29-43F5-88FE-E2CD713B01D8}
	EndGlobalSection
EndGlobal
